
Microsoft Visual Studio Solution File, Format Version 11.00
# Visual Studio Version 18

Project("{8BC9CEB8-8B4A-11D0-8D11-00A0C91BC942}") = "Delay - Standalone Plugin", "Delay_StandalonePlugin.vcxproj", "{4AFCA316-A998-0D85-06EF-1C5A76D7DC64}"
	ProjectSection(ProjectDependencies) = postProject
		{54DB6782-9D83-526E-613C-1827FCBC9E1C} = {54DB6782-9D83-526E-613C-1827FCBC9E1C}
	EndProjectSection
EndProject
Project("{8BC9CEB8-8B4A-11D0-8D11-00A0C91BC942}") = "Delay - VST3", "Delay_VST3.vcxproj", "{7683B856-F24E-42D0-C1F4-1B8BBE1F0BE1}"
	ProjectSection(ProjectDependencies) = postProject
		{54DB6782-9D83-526E-613C-1827FCBC9E1C} = {54DB6782-9D83-526E-613C-1827FCBC9E1C}
		{99B837D6-960C-6E75-023F-FB77155B8CBA} = {99B837D6-960C-6E75-023F-FB77155B8CBA}
	EndProjectSection
EndProject
Project("{8BC9CEB8-8B4A-11D0-8D11-00A0C91BC942}") = "Delay - Shared Code", "Delay_SharedCode.vcxproj", "{54DB6782-9D83-526E-613C-1827FCBC9E1C}"
EndProject
Project("{8BC9CEB8-8B4A-11D0-8D11-00A0C91BC942}") = "Delay - VST3 Manifest Helper", "Delay_VST3ManifestHelper.vcxproj", "{99B837D6-960C-6E75-023F-FB77155B8CBA}"
EndProject
Global
	GlobalSection(SolutionConfigurationPlatforms) = preSolution
		Debug|x64 = Debug|x64
		Release|x64 = Release|x64
	EndGlobalSection
	GlobalSection(ProjectConfigurationPlatforms) = postSolution
		{7683B856-F24E-42D0-C1F4-1B8BBE1F0BE1}.Debug|x64.ActiveCfg = Debug|x64
		{7683B856-F24E-42D0-C1F4-1B8BBE1F0BE1}.Debug|x64.Build.0 = Debug|x64
		{7683B856-F24E-42D0-C1F4-1B8BBE1F0BE1}.Release|x64.ActiveCfg = Release|x64
		{7683B856-F24E-42D0-C1F4-1B8BBE1F0BE1}.Release|x64.Build.0 = Release|x64
		{4AFCA316-A998-0D85-06EF-1C5A76D7DC64}.Debug|x64.ActiveCfg = Debug|x64
		{4AFCA316-A998-0D85-06EF-1C5A76D7DC64}.Debug|x64.Build.0 = Debug|x64
		{4AFCA316-A998-0D85-06EF-1C5A76D7DC64}.Release|x64.ActiveCfg = Release|x64
		{4AFCA316-A998-0D85-06EF-1C5A76D7DC64}.Release|x64.Build.0 = Release|x64
		{54DB6782-9D83-526E-613C-1827FCBC9E1C}.Debug|x64.ActiveCfg = Debug|x64
		{54DB6782-9D83-526E-613C-1827FCBC9E1C}.Debug|x64.Build.0 = Debug|x64
		{54DB6782-9D83-526E-613C-1827FCBC9E1C}.Release|x64.ActiveCfg = Release|x64
		{54DB6782-9D83-526E-613C-1827FCBC9E1C}.Release|x64.Build.0 = Release|x64
		{99B837D6-960C-6E75-023F-FB77155B8CBA}.Debug|x64.ActiveCfg = Debug|Win32
		{99B837D6-960C-6E75-023F-FB77155B8CBA}.Debug|x64.Build.0 = Debug|Win32
		{99B837D6-960C-6E75-023F-FB77155B8CBA}.Release|x64.ActiveCfg = Release|Win32
		{99B837D6-960C-6E75-023F-FB77155B8CBA}.Release|x64.Build.0 = Release|Win32
	EndGlobalSection
	GlobalSection(SolutionProperties) = preSolution
		HideSolutionNode = FALSE
	EndGlobalSection
EndGlobal
